github.com/3xian/elephantlist v0.0.0-20140607022226-3d608579b1a8 h1:3AwRIwLi6GM7O7DnzaOD5654i6AoniDoDE7uQoYCpCw=
github.com/3xian/elephantlist v0.0.0-20140607022226-3d608579b1a8/go.mod h1:VNzxj9zwihX1Yo2/3oat3hwFyiDeM6TDx0wpG86Z4lE=
github.com/ajwerner/btree v0.0.0-20211221152037-f427b3e689c0 h1:byYvvbfSo3+9efR4IeReh77gVs4PnNDR3AMOE9NJ7a0=
github.com/ajwerner/btree v0.0.0-20211221152037-f427b3e689c0/go.mod h1:q37NoqncT41qKc048STsifIt69LfUJ8SrWWcz/yam5k=
github.com/biogo/store v0.0.0-20201120204734-aad293a2328f h1:+6okTAeUsUrdQr/qN7fIODzowrjjCrnJDg/gkYqcSXY=
github.com/biogo/store v0.0.0-20201120204734-aad293a2328f/go.mod h1:z52shMwD6SGwRg2iYFjjDwX5Ene4ENTw6HfXraUy/08=
github.com/glenn-brown/ordinal v0.0.0-20121112042833-18b2aec8a941 h1:EXe+/4W8PVF2Mn3yJpJHR2TOvTktEy0yCqSBBL8k/hU=
github.com/glenn-brown/ordinal v0.0.0-20121112042833-18b2aec8a941/go.mod h1:Nak/y5LCLuwml0uNGM2PMBI1baAbUt9qBElV/+4Vib0=
github.com/glenn-brown/skiplist v0.0.0-20121122060428-b6428f513193 h1:McqmIWI1im8hpASUABYbeQLBTZh98a8yxcA0LeNVnsg=
github.com/glenn-brown/skiplist v0.0.0-20121122060428-b6428f513193/go.mod h1:bMJWggpbrjFmPbLqutpBMgoqcPcwCAyqgtOrdj6GsUM=
github.com/google/btree v1.0.1 h1:gK4Kx5IaGY9CD5sPJ36FHiBJ6ZXl0kilRiiCj+jdYp4=
github.com/google/btree v1.0.1/go.mod h1:xXMiIv4Fb/0kKde4SpL7qlzvu5cMJDRkFDxJfI9uaxA=
github.com/kellydunn/go-art v0.0.1 h1:l0Cvt7GT7alCtpD6wCSljKRkX0vFivHY4vqB0TroH3s=
github.com/kellydunn/go-art v0.0.1/go.mod h1:/4WVtMpiSj+kTeft51oB0GnT4zP0h1CpE7t4ACUya7A=
github.com/kr/pretty v0.2.0 h1:s5hAObm+yFO5uHYt5dYjxi2rXrsnmRpJx4OYvIWUaQs=
github.com/kr/pretty v0.2.0/go.mod h1:ipq/a2n7PKx3OHsz4KJII5eveXtPO4qwEXGdVfWzfnI=
github.com/kr/pty v1.1.1/go.mod h1:pFQYn66WHrOpPYNljwOMqo10TkYh1fy3cYio2l3bCsQ=
github.com/kr/text v0.1.0 h1:45sCR5RtlFHMR4UwH9sdQ5TC8v0qDQCHnXt+kaKSTVE=
github.com/kr/text v0.1.0/go.mod h1:4Jbv+DJW3UT/LiOwJeYQe1efqtUx/iVham/4vfdArNI=
github.com/petar/GoLLRB v0.0.0-20210522233825-ae3b015fd3e9 h1:1/WtZae0yGtPq+TI6+Tv1WTxkukpXeMlviSxvL7SRgk=
github.com/petar/GoLLRB v0.0.0-20210522233825-ae3b015fd3e9/go.mod h1:x3N5drFsm2uilKKuuYo6LdyD8vZAW55sH/9w+pbo1sw=
github.com/remyoudompheng/bigfft v0.0.0-20200410134404-eec4a21b6bb0 h1:OdAsTTz6OkFY5QxjkYwrChwuRruF69c169dPK26NUlk=
github.com/ryszard/goskiplist v0.0.0-20150312221310-2dfbae5fcf46 h1:GHRpF1pTW19a8tTFrMLUcfWwyC0pnifVo2ClaLq+hP8=
github.com/ryszard/goskiplist v0.0.0-20150312221310-2dfbae5fcf46/go.mod h1:uAQ5PCi+MFsC7HjREoAz1BU+Mq60+05gifQSsHSDG/8=
gopkg.in/check.v1 v1.0.0-20190902080502-41f04d3bba15 h1:YR8cESwS4TdDjEe65xsg0ogRM/Nc3DYOhEAlW+xobZo=
gopkg.in/check.v1 v1.0.0-20190902080502-41f04d3bba15/go.mod h1:Co6ibVJAznAaIkqp8huTwlJQCZ016jof/cbN4VW5Yz0=
modernc.org/b v1.0.3 h1:i4Iye3D8KsPozbQndZzccQ/PlIVpMe3U/ET4dhAkGjs=
modernc.org/b v1.0.3/go.mod h1:bauv72WoSgpBPpK6rQRqE+xVQHzszHS92P3mKx1l3g4=
modernc.org/b/v2 v2.1.0 h1:kMD/G43EYnsFJI/0qK1F1X659XlSs41bp01MUDidHC0=
modernc.org/b/v2 v2.1.0/go.mod h1:fQhHWDXrchyUSLjQYCslV/4uw04PW1LeiZ25D4SNmeo=
modernc.org/mathutil v1.5.0 h1:rV0Ko/6SfM+8G+yKiyI830l3Wuz1zRutdslNoQ0kfiQ=
modernc.org/strutil v1.1.3 h1:fNMm+oJklMGYfU9Ylcywl0CO5O6nTfaowNsh2wpPjzY=
